{
  "name": "verhalen",
  "version": "3.0.0",
  "lockfileVersion": 3,
  "requires": true,
  "packages": {
    "": {
      "name": "verhalen",
      "version": "3.0.0",
      "dependencies": {
        "utilsac": "^15.4.0"
      }
    },
    "node_modules/utilsac": {
      "version": "15.4.0",
      "resolved": "https://registry.npmjs.org/utilsac/-/utilsac-15.4.0.tgz",
      "integrity": "sha512-VgqUzGOg4vrtcjjwudVzTV75GahLBh4GMfCcS6zwlT7EgR4OOTyN5tzk0r3Dc4p/pBUAu4WX+5C5CdT5tP8wJg==",
      "license": "CC0-1.0"
    }
  }
}
